
Microsoft Visual Studio Solution File, Format Version 12.00
# Visual Studio Version 17
VisualStudioVersion = 17.8.34309.116
MinimumVisualStudioVersion = 10.0.40219.1
Project("{FAE04EC0-301F-11D3-BF4B-00C04F79EFBC}") = "triangle_area", "triangle_area.csproj", "{BCDB76AC-6196-485B-9AD0-03B575D18CBA}"
EndProject
Global
	GlobalSection(SolutionConfigurationPlatforms) = preSolution
		Debug|Any CPU = Debug|Any CPU
		Release|Any CPU = Release|Any CPU
	EndGlobalSection
	GlobalSection(ProjectConfigurationPlatforms) = postSolution
		{BCDB76AC-6196-485B-9AD0-03B575D18CBA}.Debug|Any CPU.ActiveCfg = Debug|Any CPU
		{BCDB76AC-6196-485B-9AD0-03B575D18CBA}.Debug|Any CPU.Build.0 = Debug|Any CPU
		{BCDB76AC-6196-485B-9AD0-03B575D18CBA}.Release|Any CPU.ActiveCfg = Release|Any CPU
		{BCDB76AC-6196-485B-9AD0-03B575D18CBA}.Release|Any CPU.Build.0 = Release|Any CPU
	EndGlobalSection
	GlobalSection(SolutionProperties) = preSolution
		HideSolutionNode = FALSE
	EndGlobalSection
	GlobalSection(ExtensibilityGlobals) = postSolution
		SolutionGuid = {48E58289-5413-4777-B5A7-AD9227DFA893}
	EndGlobalSection
EndGlobal
